
Microsoft Visual Studio Solution File, Format Version 12.00
# Visual Studio Version 17
VisualStudioVersion = 17.1.32421.90
MinimumVisualStudioVersion = 10.0.40219.1
Project("{FAE04EC0-301F-11D3-BF4B-00C04F79EFBC}") = "csharp-agenzia", "csharp-agenzia.csproj", "{7E44E5EC-5EFF-49BE-87A9-61447A47BD94}"
EndProject
Global
	GlobalSection(SolutionConfigurationPlatforms) = preSolution
		Debug|Any CPU = Debug|Any CPU
		Release|Any CPU = Release|Any CPU
	EndGlobalSection
	GlobalSection(ProjectConfigurationPlatforms) = postSolution
		{7E44E5EC-5EFF-49BE-87A9-61447A47BD94}.Debug|Any CPU.ActiveCfg = Debug|Any CPU
		{7E44E5EC-5EFF-49BE-87A9-61447A47BD94}.Debug|Any CPU.Build.0 = Debug|Any CPU
		{7E44E5EC-5EFF-49BE-87A9-61447A47BD94}.Release|Any CPU.ActiveCfg = Release|Any CPU
		{7E44E5EC-5EFF-49BE-87A9-61447A47BD94}.Release|Any CPU.Build.0 = Release|Any CPU
	EndGlobalSection
	GlobalSection(SolutionProperties) = preSolution
		HideSolutionNode = FALSE
	EndGlobalSection
	GlobalSection(ExtensibilityGlobals) = postSolution
		SolutionGuid = {D896C5C3-98D1-470B-814D-619D4CB18B87}
	EndGlobalSection
EndGlobal
